
Microsoft Visual Studio Solution File, Format Version 12.00
# Visual Studio Version 16
VisualStudioVersion = 16.0.30225.117
MinimumVisualStudioVersion = 10.0.40219.1
Project("{FAE04EC0-301F-11D3-BF4B-00C04F79EFBC}") = "StaticWeaving_SourceGenerators", "StaticWeaving_SourceGenerators.csproj", "{AD529BD4-0E06-4B46-9F97-9EBBFA111BC8}"
EndProject
Project("{FAE04EC0-301F-11D3-BF4B-00C04F79EFBC}") = "AopAnalyzer", "..\AopAnalyzer\AopAnalyzer.csproj", "{4947EE28-A03D-4F51-8073-5E030CC72940}"
EndProject
Global
	GlobalSection(SolutionConfigurationPlatforms) = preSolution
		Debug|Any CPU = Debug|Any CPU
		Release|Any CPU = Release|Any CPU
	EndGlobalSection
	GlobalSection(ProjectConfigurationPlatforms) = postSolution
		{AD529BD4-0E06-4B46-9F97-9EBBFA111BC8}.Debug|Any CPU.ActiveCfg = Debug|Any CPU
		{AD529BD4-0E06-4B46-9F97-9EBBFA111BC8}.Debug|Any CPU.Build.0 = Debug|Any CPU
		{AD529BD4-0E06-4B46-9F97-9EBBFA111BC8}.Release|Any CPU.ActiveCfg = Release|Any CPU
		{AD529BD4-0E06-4B46-9F97-9EBBFA111BC8}.Release|Any CPU.Build.0 = Release|Any CPU
		{4947EE28-A03D-4F51-8073-5E030CC72940}.Debug|Any CPU.ActiveCfg = Debug|Any CPU
		{4947EE28-A03D-4F51-8073-5E030CC72940}.Debug|Any CPU.Build.0 = Debug|Any CPU
		{4947EE28-A03D-4F51-8073-5E030CC72940}.Release|Any CPU.ActiveCfg = Release|Any CPU
		{4947EE28-A03D-4F51-8073-5E030CC72940}.Release|Any CPU.Build.0 = Release|Any CPU
	EndGlobalSection
	GlobalSection(SolutionProperties) = preSolution
		HideSolutionNode = FALSE
	EndGlobalSection
	GlobalSection(ExtensibilityGlobals) = postSolution
		SolutionGuid = {55AC6FB7-E429-40C1-A18C-1CE8A9386B90}
	EndGlobalSection
EndGlobal
