
Microsoft Visual Studio Solution File, Format Version 12.00
# Visual Studio Version 16
VisualStudioVersion = 16.0.30225.117
MinimumVisualStudioVersion = 10.0.40219.1
Project("{FAE04EC0-301F-11D3-BF4B-00C04F79EFBC}") = "Aop.Roslyn.Jit", "Aop.Roslyn.Jit.csproj", "{C988320A-0CCA-490B-A0F3-9A96124D09B3}"
EndProject
Global
	GlobalSection(SolutionConfigurationPlatforms) = preSolution
		Debug|Any CPU = Debug|Any CPU
		Release|Any CPU = Release|Any CPU
	EndGlobalSection
	GlobalSection(ProjectConfigurationPlatforms) = postSolution
		{C988320A-0CCA-490B-A0F3-9A96124D09B3}.Debug|Any CPU.ActiveCfg = Debug|Any CPU
		{C988320A-0CCA-490B-A0F3-9A96124D09B3}.Debug|Any CPU.Build.0 = Debug|Any CPU
		{C988320A-0CCA-490B-A0F3-9A96124D09B3}.Release|Any CPU.ActiveCfg = Release|Any CPU
		{C988320A-0CCA-490B-A0F3-9A96124D09B3}.Release|Any CPU.Build.0 = Release|Any CPU
	EndGlobalSection
	GlobalSection(SolutionProperties) = preSolution
		HideSolutionNode = FALSE
	EndGlobalSection
	GlobalSection(ExtensibilityGlobals) = postSolution
		SolutionGuid = {DD9F32F9-437A-4855-A49F-BA7FDE294D92}
	EndGlobalSection
EndGlobal
